// !$*UTF8*$!
{
	archiveVersion = 1;
	classes = {
	};
	objectVersion = 56;
	objects = {

/* Begin PBXBuildFile section */
		AA94491B2B3F479400BFA521 /* AppDelegate.swift in Sources */ = {isa = PBXBuildFile; fileRef = AA94491A2B3F479400BFA521 /* AppDelegate.swift */; };
		AA94491D2B3F479400BFA521 /* SceneDelegate.swift in Sources */ = {isa = PBXBuildFile; fileRef = AA94491C2B3F479400BFA521 /* SceneDelegate.swift */; };
		AA94491F2B3F479400BFA521 /* ViewController.swift in Sources */ = {isa = PBXBuildFile; fileRef = AA94491E2B3F479400BFA521 /* ViewController.swift */; };
		AA9449222B3F479400BFA521 /* Main.storyboard in Resources */ = {isa = PBXBuildFile; fileRef = AA9449202B3F479400BFA521 /* Main.storyboard */; };
		AA9449242B3F479600BFA521 /* Assets.xcassets in Resources */ = {isa = PBXBuildFile; fileRef = AA9449232B3F479600BFA521 /* Assets.xcassets */; };
		AA9449272B3F479600BFA521 /* LaunchScreen.storyboard in Resources */ = {isa = PBXBuildFile; fileRef = AA9449252B3F479600BFA521 /* LaunchScreen.storyboard */; };
		AA9449322B3F479600BFA521 /* MovieDbTests.swift in Sources */ = {isa = PBXBuildFile; fileRef = AA9449312B3F479600BFA521 /* MovieDbTests.swift */; };
		AA94493C2B3F479600BFA521 /* MovieDbUITests.swift in Sources */ = {isa = PBXBuildFile; fileRef = AA94493B2B3F479600BFA521 /* MovieDbUITests.swift */; };
		AA94493E2B3F479600BFA521 /* MovieDbUITestsLaunchTests.swift in Sources */ = {isa = PBXBuildFile; fileRef = AA94493D2B3F479600BFA521 /* MovieDbUITestsLaunchTests.swift */; };
/* End PBXBuildFile section */

/* Begin PBXContainerItemProxy section */
		AA94492E2B3F479600BFA521 /* PBXContainerItemProxy */ = {
			isa = PBXContainerItemProxy;
			containerPortal = AA94490F2B3F479400BFA521 /* Project object */;
			proxyType = 1;
			remoteGlobalIDString = AA9449162B3F479400BFA521;
			remoteInfo = MovieDb;
		};
		AA9449382B3F479600BFA521 /* PBXContainerItemProxy */ = {
			isa = PBXContainerItemProxy;
			containerPortal = AA94490F2B3F479400BFA521 /* Project object */;
			proxyType = 1;
			remoteGlobalIDString = AA9449162B3F479400BFA521;
			remoteInfo = MovieDb;
		};
/* End PBXContainerItemProxy section */

/* Begin PBXFileReference section */
		AA9449172B3F479400BFA521 /* MovieDb.app */ = {isa = PBXFileReference; explicitFileType = wrapper.application; includeInIndex = 0; path = MovieDb.app; sourceTree = BUILT_PRODUCTS_DIR; };
		AA94491A2B3F479400BFA521 /* AppDelegate.swift */ = {isa = PBXFileReference; lastKnownFileType = sourcecode.swift; path = AppDelegate.swift; sourceTree = "<group>"; };
		AA94491C2B3F479400BFA521 /* SceneDelegate.swift */ = {isa = PBXFileReference; lastKnownFileType = sourcecode.swift; path = SceneDelegate.swift; sourceTree = "<group>"; };
		AA94491E2B3F479400BFA521 /* ViewController.swift */ = {isa = PBXFileReference; lastKnownFileType = sourcecode.swift; path = ViewController.swift; sourceTree = "<group>"; };
		AA9449212B3F479400BFA521 /* Base */ = {isa = PBXFileReference; lastKnownFileType = file.storyboard; name = Base; path = Base.lproj/Main.storyboard; sourceTree = "<group>"; };
		AA9449232B3F479600BFA521 /* Assets.xcassets */ = {isa = PBXFileReference; lastKnownFileType = folder.assetcatalog; path = Assets.xcassets; sourceTree = "<group>"; };
		AA9449262B3F479600BFA521 /* Base */ = {isa = PBXFileReference; lastKnownFileType = file.storyboard; name = Base; path = Base.lproj/LaunchScreen.storyboard; sourceTree = "<group>"; };
		AA9449282B3F479600BFA521 /* Info.plist */ = {isa = PBXFileReference; lastKnownFileType = text.plist.xml; path = Info.plist; sourceTree = "<group>"; };
		AA94492D2B3F479600BFA521 /* MovieDbTests.xctest */ = {isa = PBXFileReference; explicitFileType = wrapper.cfbundle; includeInIndex = 0; path = MovieDbTests.xctest; sourceTree = BUILT_PRODUCTS_DIR; };
		AA9449312B3F479600BFA521 /* MovieDbTests.swift */ = {isa = PBXFileReference; lastKnownFileType = sourcecode.swift; path = MovieDbTests.swift; sourceTree = "<group>"; };
		AA9449372B3F479600BFA521 /* MovieDbUITests.xctest */ = {isa = PBXFileReference; explicitFileType = wrapper.cfbundle; includeInIndex = 0; path = MovieDbUITests.xctest; sourceTree = BUILT_PRODUCTS_DIR; };
		AA94493B2B3F479600BFA521 /* MovieDbUITests.swift */ = {isa = PBXFileReference; lastKnownFileType = sourcecode.swift; path = MovieDbUITests.swift; sourceTree = "<group>"; };
		AA94493D2B3F479600BFA521 /* MovieDbUITestsLaunchTests.swift */ = {isa = PBXFileReference; lastKnownFileType = sourcecode.swift; path = MovieDbUITestsLaunchTests.swift; sourceTree = "<group>"; };
/* End PBXFileReference section */

/* Begin PBXFrameworksBuildPhase section */
		AA9449142B3F479400BFA521 /* Frameworks */ = {
			isa = PBXFrameworksBuildPhase;
			buildActionMask = 2147483647;
			files = (
			);
			runOnlyForDeploymentPostprocessing = 0;
		};
		AA94492A2B3F479600BFA521 /* Frameworks */ = {
			isa = PBXFrameworksBuildPhase;
			buildActionMask = 2147483647;
			files = (
			);
			runOnlyForDeploymentPostprocessing = 0;
		};
		AA9449342B3F479600BFA521 /* Frameworks */ = {
			isa = PBXFrameworksBuildPhase;
			buildActionMask = 2147483647;
			files = (
			);
			runOnlyForDeploymentPostprocessing = 0;
		};
/* End PBXFrameworksBuildPhase section */

/* Begin PBXGroup section */
		AA94490E2B3F479400BFA521 = {
			isa = PBXGroup;
			children = (
				AA9449192B3F479400BFA521 /* MovieDb */,
				AA9449302B3F479600BFA521 /* MovieDbTests */,
				AA94493A2B3F479600BFA521 /* MovieDbUITests */,
				AA9449182B3F479400BFA521 /* Products */,
			);
			sourceTree = "<group>";
		};
		AA9449182B3F479400BFA521 /* Products */ = {
			isa = PBXGroup;
			children = (
				AA9449172B3F479400BFA521 /* MovieDb.app */,
				AA94492D2B3F479600BFA521 /* MovieDbTests.xctest */,
				AA9449372B3F479600BFA521 /* MovieDbUITests.xctest */,
			);
			name = Products;
			sourceTree = "<group>";
		};
		AA9449192B3F479400BFA521 /* MovieDb */ = {
			isa = PBXGroup;
			children = (
				AA94491A2B3F479400BFA521 /* AppDelegate.swift */,
				AA94491C2B3F479400BFA521 /* SceneDelegate.swift */,
				AA94491E2B3F479400BFA521 /* ViewController.swift */,
				AA9449202B3F479400BFA521 /* Main.storyboard */,
				AA9449232B3F479600BFA521 /* Assets.xcassets */,
				AA9449252B3F479600BFA521 /* LaunchScreen.storyboard */,
				AA9449282B3F479600BFA521 /* Info.plist */,
			);
			path = MovieDb;
			sourceTree = "<group>";
		};
		AA9449302B3F479600BFA521 /* MovieDbTests */ = {
			isa = PBXGroup;
			children = (
				AA9449312B3F479600BFA521 /* MovieDbTests.swift */,
			);
			path = MovieDbTests;
			sourceTree = "<group>";
		};
		AA94493A2B3F479600BFA521 /* MovieDbUITests */ = {
			isa = PBXGroup;
			children = (
				AA94493B2B3F479600BFA521 /* MovieDbUITests.swift */,
				AA94493D2B3F479600BFA521 /* MovieDbUITestsLaunchTests.swift */,
			);
			path = MovieDbUITests;
			sourceTree = "<group>";
		};
/* End PBXGroup section */

/* Begin PBXNativeTarget section */
		AA9449162B3F479400BFA521 /* MovieDb */ = {
			isa = PBXNativeTarget;
			buildConfigurationList = AA9449412B3F479600BFA521 /* Build configuration list for PBXNativeTarget "MovieDb" */;
			buildPhases = (
				AA9449132B3F479400BFA521 /* Sources */,
				AA9449142B3F479400BFA521 /* Frameworks */,
				AA9449152B3F479400BFA521 /* Resources */,
			);
			buildRules = (
			);
			dependencies = (
			);
			name = MovieDb;
			productName = MovieDb;
			productReference = AA9449172B3F479400BFA521 /* MovieDb.app */;
			productType = "com.apple.product-type.application";
		};
		AA94492C2B3F479600BFA521 /* MovieDbTests */ = {
			isa = PBXNativeTarget;
			buildConfigurationList = AA9449442B3F479600BFA521 /* Build configuration list for PBXNativeTarget "MovieDbTests" */;
			buildPhases = (
				AA9449292B3F479600BFA521 /* Sources */,
				AA94492A2B3F479600BFA521 /* Frameworks */,
				AA94492B2B3F479600BFA521 /* Resources */,
			);
			buildRules = (
			);
			dependencies = (
				AA94492F2B3F479600BFA521 /* PBXTargetDependency */,
			);
			name = MovieDbTests;
			productName = MovieDbTests;
			productReference = AA94492D2B3F479600BFA521 /* MovieDbTests.xctest */;
			productType = "com.apple.product-type.bundle.unit-test";
		};
		AA9449362B3F479600BFA521 /* MovieDbUITests */ = {
			isa = PBXNativeTarget;
			buildConfigurationList = AA9449472B3F479600BFA521 /* Build configuration list for PBXNativeTarget "MovieDbUITests" */;
			buildPhases = (
				AA9449332B3F479600BFA521 /* Sources */,
				AA9449342B3F479600BFA521 /* Frameworks */,
				AA9449352B3F479600BFA521 /* Resources */,
			);
			buildRules = (
			);
			dependencies = (
				AA9449392B3F479600BFA521 /* PBXTargetDependency */,
			);
			name = MovieDbUITests;
			productName = MovieDbUITests;
			productReference = AA9449372B3F479600BFA521 /* MovieDbUITests.xctest */;
			productType = "com.apple.product-type.bundle.ui-testing";
		};
/* End PBXNativeTarget section */

/* Begin PBXProject section */
		AA94490F2B3F479400BFA521 /* Project object */ = {
			isa = PBXProject;
			attributes = {
				BuildIndependentTargetsInParallel = 1;
				LastSwiftUpdateCheck = 1420;
				LastUpgradeCheck = 1420;
				TargetAttributes = {
					AA9449162B3F479400BFA521 = {
						CreatedOnToolsVersion = 14.2;
					};
					AA94492C2B3F479600BFA521 = {
						CreatedOnToolsVersion = 14.2;
						TestTargetID = AA9449162B3F479400BFA521;
					};
					AA9449362B3F479600BFA521 = {
						CreatedOnToolsVersion = 14.2;
						TestTargetID = AA9449162B3F479400BFA521;
					};
				};
			};
			buildConfigurationList = AA9449122B3F479400BFA521 /* Build configuration list for PBXProject "MovieDb" */;
			compatibilityVersion = "Xcode 14.0";
			developmentRegion = en;
			hasScannedForEncodings = 0;
			knownRegions = (
				en,
				Base,
			);
			mainGroup = AA94490E2B3F479400BFA521;
			productRefGroup = AA9449182B3F479400BFA521 /* Products */;
			projectDirPath = "";
			projectRoot = "";
			targets = (
				AA9449162B3F479400BFA521 /* MovieDb */,
				AA94492C2B3F479600BFA521 /* MovieDbTests */,
				AA9449362B3F479600BFA521 /* MovieDbUITests */,
			);
		};
/* End PBXProject section */

/* Begin PBXResourcesBuildPhase section */
		AA9449152B3F479400BFA521 /* Resources */ = {
			isa = PBXResourcesBuildPhase;
			buildActionMask = 2147483647;
			files = (
				AA9449272B3F479600BFA521 /* LaunchScreen.storyboard in Resources */,
				AA9449242B3F479600BFA521 /* Assets.xcassets in Resources */,
				AA9449222B3F479400BFA521 /* Main.storyboard in Resources */,
			);
			runOnlyForDeploymentPostprocessing = 0;
		};
		AA94492B2B3F479600BFA521 /* Resources */ = {
			isa = PBXResourcesBuildPhase;
			buildActionMask = 2147483647;
			files = (
			);
			runOnlyForDeploymentPostprocessing = 0;
		};
		AA9449352B3F479600BFA521 /* Resources */ = {
			isa = PBXResourcesBuildPhase;
			buildActionMask = 2147483647;
			files = (
			);
			runOnlyForDeploymentPostprocessing = 0;
		};
/* End PBXResourcesBuildPhase section */

/* Begin PBXSourcesBuildPhase section */
		AA9449132B3F479400BFA521 /* Sources */ = {
			isa = PBXSourcesBuildPhase;
			buildActionMask = 2147483647;
			files = (
				AA94491F2B3F479400BFA521 /* ViewController.swift in Sources */,
				AA94491B2B3F479400BFA521 /* AppDelegate.swift in Sources */,
				AA94491D2B3F479400BFA521 /* SceneDelegate.swift in Sources */,
			);
			runOnlyForDeploymentPostprocessing = 0;
		};
		AA9449292B3F479600BFA521 /* Sources */ = {
			isa = PBXSourcesBuildPhase;
			buildActionMask = 2147483647;
			files = (
				AA9449322B3F479600BFA521 /* MovieDbTests.swift in Sources */,
			);
			runOnlyForDeploymentPostprocessing = 0;
		};
		AA9449332B3F479600BFA521 /* Sources */ = {
			isa = PBXSourcesBuildPhase;
			buildActionMask = 2147483647;
			files = (
				AA94493C2B3F479600BFA521 /* MovieDbUITests.swift in Sources */,
				AA94493E2B3F479600BFA521 /* MovieDbUITestsLaunchTests.swift in Sources */,
			);
			runOnlyForDeploymentPostprocessing = 0;
		};
/* End PBXSourcesBuildPhase section */

/* Begin PBXTargetDependency section */
		AA94492F2B3F479600BFA521 /* PBXTargetDependency */ = {
			isa = PBXTargetDependency;
			target = AA9449162B3F479400BFA521 /* MovieDb */;
			targetProxy = AA94492E2B3F479600BFA521 /* PBXContainerItemProxy */;
		};
		AA9449392B3F479600BFA521 /* PBXTargetDependency */ = {
			isa = PBXTargetDependency;
			target = AA9449162B3F479400BFA521 /* MovieDb */;
			targetProxy = AA9449382B3F479600BFA521 /* PBXContainerItemProxy */;
		};
/* End PBXTargetDependency section */

/* Begin PBXVariantGroup section */
		AA9449202B3F479400BFA521 /* Main.storyboard */ = {
			isa = PBXVariantGroup;
			children = (
				AA9449212B3F479400BFA521 /* Base */,
			);
			name = Main.storyboard;
			sourceTree = "<group>";
		};
		AA9449252B3F479600BFA521 /* LaunchScreen.storyboard */ = {
			isa = PBXVariantGroup;
			children = (
				AA9449262B3F479600BFA521 /* Base */,
			);
			name = LaunchScreen.storyboard;
			sourceTree = "<group>";
		};
/* End PBXVariantGroup section */

/* Begin XCBuildConfiguration section */
		AA94493F2B3F479600BFA521 /* Debug */ = {
			isa = XCBuildConfiguration;
			buildSettings = {
				ALWAYS_SEARCH_USER_PATHS = NO;
				CLANG_ANALYZER_NONNULL = YES;
				CLANG_ANALYZER_NUMBER_OBJECT_CONVERSION = YES_AGGRESSIVE;
				CLANG_CXX_LANGUAGE_STANDARD = "gnu++20";
				CLANG_ENABLE_MODULES = YES;
				CLANG_ENABLE_OBJC_ARC = YES;
				CLANG_ENABLE_OBJC_WEAK = YES;
				CLANG_WARN_BLOCK_CAPTURE_AUTORELEASING = YES;
				CLANG_WARN_BOOL_CONVERSION = YES;
				CLANG_WARN_COMMA = YES;
				CLANG_WARN_CONSTANT_CONVERSION = YES;
				CLANG_WARN_DEPRECATED_OBJC_IMPLEMENTATIONS = YES;
				CLANG_WARN_DIRECT_OBJC_ISA_USAGE = YES_ERROR;
				CLANG_WARN_DOCUMENTATION_COMMENTS = YES;
				CLANG_WARN_EMPTY_BODY = YES;
				CLANG_WARN_ENUM_CONVERSION = YES;
				CLANG_WARN_INFINITE_RECURSION = YES;
				CLANG_WARN_INT_CONVERSION = YES;
				CLANG_WARN_NON_LITERAL_NULL_CONVERSION = YES;
				CLANG_WARN_OBJC_IMPLICIT_RETAIN_SELF = YES;
				CLANG_WARN_OBJC_LITERAL_CONVERSION = YES;
				CLANG_WARN_OBJC_ROOT_CLASS = YES_ERROR;
				CLANG_WARN_QUOTED_INCLUDE_IN_FRAMEWORK_HEADER = YES;
				CLANG_WARN_RANGE_LOOP_ANALYSIS = YES;
				CLANG_WARN_STRICT_PROTOTYPES = YES;
				CLANG_WARN_SUSPICIOUS_MOVE = YES;
				CLANG_WARN_UNGUARDED_AVAILABILITY = YES_AGGRESSIVE;
				CLANG_WARN_UNREACHABLE_CODE = YES;
				CLANG_WARN__DUPLICATE_METHOD_MATCH = YES;
				COPY_PHASE_STRIP = NO;
				DEBUG_INFORMATION_FORMAT = dwarf;
				ENABLE_STRICT_OBJC_MSGSEND = YES;
				ENABLE_TESTABILITY = YES;
				GCC_C_LANGUAGE_STANDARD = gnu11;
				GCC_DYNAMIC_NO_PIC = NO;
				GCC_NO_COMMON_BLOCKS = YES;
				GCC_OPTIMIZATION_LEVEL = 0;
				GCC_PREPROCESSOR_DEFINITIONS = (
					"DEBUG=1",
					"$(inherited)",
				);
				GCC_WARN_64_TO_32_BIT_CONVERSION = YES;
				GCC_WARN_ABOUT_RETURN_TYPE = YES_ERROR;
				GCC_WARN_UNDECLARED_SELECTOR = YES;
				GCC_WARN_UNINITIALIZED_AUTOS = YES_AGGRESSIVE;
				GCC_WARN_UNUSED_FUNCTION = YES;
				GCC_WARN_UNUSED_VARIABLE = YES;
				IPHONEOS_DEPLOYMENT_TARGET = 16.2;
				MTL_ENABLE_DEBUG_INFO = INCLUDE_SOURCE;
				MTL_FAST_MATH = YES;
				ONLY_ACTIVE_ARCH = YES;
				SDKROOT = iphoneos;
				SWIFT_ACTIVE_COMPILATION_CONDITIONS = DEBUG;
				SWIFT_OPTIMIZATION_LEVEL = "-Onone";
			};
			name = Debug;
		};
		AA9449402B3F479600BFA521 /* Release */ = {
			isa = XCBuildConfiguration;
			buildSettings = {
				ALWAYS_SEARCH_USER_PATHS = NO;
				CLANG_ANALYZER_NONNULL = YES;
				CLANG_ANALYZER_NUMBER_OBJECT_CONVERSION = YES_AGGRESSIVE;
				CLANG_CXX_LANGUAGE_STANDARD = "gnu++20";
				CLANG_ENABLE_MODULES = YES;
				CLANG_ENABLE_OBJC_ARC = YES;
				CLANG_ENABLE_OBJC_WEAK = YES;
				CLANG_WARN_BLOCK_CAPTURE_AUTORELEASING = YES;
				CLANG_WARN_BOOL_CONVERSION = YES;
				CLANG_WARN_COMMA = YES;
				CLANG_WARN_CONSTANT_CONVERSION = YES;
				CLANG_WARN_DEPRECATED_OBJC_IMPLEMENTATIONS = YES;
				CLANG_WARN_DIRECT_OBJC_ISA_USAGE = YES_ERROR;
				CLANG_WARN_DOCUMENTATION_COMMENTS = YES;
				CLANG_WARN_EMPTY_BODY = YES;
				CLANG_WARN_ENUM_CONVERSION = YES;
				CLANG_WARN_INFINITE_RECURSION = YES;
				CLANG_WARN_INT_CONVERSION = YES;
				CLANG_WARN_NON_LITERAL_NULL_CONVERSION = YES;
				CLANG_WARN_OBJC_IMPLICIT_RETAIN_SELF = YES;
				CLANG_WARN_OBJC_LITERAL_CONVERSION = YES;
				CLANG_WARN_OBJC_ROOT_CLASS = YES_ERROR;
				CLANG_WARN_QUOTED_INCLUDE_IN_FRAMEWORK_HEADER = YES;
				CLANG_WARN_RANGE_LOOP_ANALYSIS = YES;
				CLANG_WARN_STRICT_PROTOTYPES = YES;
				CLANG_WARN_SUSPICIOUS_MOVE = YES;
				CLANG_WARN_UNGUARDED_AVAILABILITY = YES_AGGRESSIVE;
				CLANG_WARN_UNREACHABLE_CODE = YES;
				CLANG_WARN__DUPLICATE_METHOD_MATCH = YES;
				COPY_PHASE_STRIP = NO;
				DEBUG_INFORMATION_FORMAT = "dwarf-with-dsym";
				ENABLE_NS_ASSERTIONS = NO;
				ENABLE_STRICT_OBJC_MSGSEND = YES;
				GCC_C_LANGUAGE_STANDARD = gnu11;
				GCC_NO_COMMON_BLOCKS = YES;
				GCC_WARN_64_TO_32_BIT_CONVERSION = YES;
				GCC_WARN_ABOUT_RETURN_TYPE = YES_ERROR;
				GCC_WARN_UNDECLARED_SELECTOR = YES;
				GCC_WARN_UNINITIALIZED_AUTOS = YES_AGGRESSIVE;
				GCC_WARN_UNUSED_FUNCTION = YES;
				GCC_WARN_UNUSED_VARIABLE = YES;
				IPHONEOS_DEPLOYMENT_TARGET = 16.2;
				MTL_ENABLE_DEBUG_INFO = NO;
				MTL_FAST_MATH = YES;
				SDKROOT = iphoneos;
				SWIFT_COMPILATION_MODE = wholemodule;
				SWIFT_OPTIMIZATION_LEVEL = "-O";
				VALIDATE_PRODUCT = YES;
			};
			name = Release;
		};
		AA9449422B3F479600BFA521 /* Debug */ = {
			isa = XCBuildConfiguration;
			buildSettings = {
				ASSETCATALOG_COMPILER_APPICON_NAME = AppIcon;
				ASSETCATALOG_COMPILER_GLOBAL_ACCENT_COLOR_NAME = AccentColor;
				CODE_SIGN_STYLE = Automatic;
				CURRENT_PROJECT_VERSION = 1;
				GENERATE_INFOPLIST_FILE = YES;
				INFOPLIST_FILE = MovieDb/Info.plist;
				INFOPLIST_KEY_UIApplicationSupportsIndirectInputEvents = YES;
				INFOPLIST_KEY_UILaunchStoryboardName = LaunchScreen;
				INFOPLIST_KEY_UIMainStoryboardFile = Main;
				INFOPLIST_KEY_UISupportedInterfaceOrientations_iPad = "UIInterfaceOrientationPortrait UIInterfaceOrientationPortraitUpsideDown UIInterfaceOrientationLandscapeLeft UIInterfaceOrientationLandscapeRight";
				INFOPLIST_KEY_UISupportedInterfaceOrientations_iPhone = "UIInterfaceOrientationPortrait UIInterfaceOrientationLandscapeLeft UIInterfaceOrientationLandscapeRight";
				LD_RUNPATH_SEARCH_PATHS = (
					"$(inherited)",
					"@executable_path/Frameworks",
				);
				MARKETING_VERSION = 1.0;
				PRODUCT_BUNDLE_IDENTIFIER = art.MovieDb;
				PRODUCT_NAME = "$(TARGET_NAME)";
				SWIFT_EMIT_LOC_STRINGS = YES;
				SWIFT_VERSION = 5.0;
				TARGETED_DEVICE_FAMILY = "1,2";
			};
			name = Debug;
		};
		AA9449432B3F479600BFA521 /* Release */ = {
			isa = XCBuildConfiguration;
			buildSettings = {
				ASSETCATALOG_COMPILER_APPICON_NAME = AppIcon;
				ASSETCATALOG_COMPILER_GLOBAL_ACCENT_COLOR_NAME = AccentColor;
				CODE_SIGN_STYLE = Automatic;
				CURRENT_PROJECT_VERSION = 1;
				GENERATE_INFOPLIST_FILE = YES;
				INFOPLIST_FILE = MovieDb/Info.plist;
				INFOPLIST_KEY_UIApplicationSupportsIndirectInputEvents = YES;
				INFOPLIST_KEY_UILaunchStoryboardName = LaunchScreen;
				INFOPLIST_KEY_UIMainStoryboardFile = Main;
				INFOPLIST_KEY_UISupportedInterfaceOrientations_iPad = "UIInterfaceOrientationPortrait UIInterfaceOrientationPortraitUpsideDown UIInterfaceOrientationLandscapeLeft UIInterfaceOrientationLandscapeRight";
				INFOPLIST_KEY_UISupportedInterfaceOrientations_iPhone = "UIInterfaceOrientationPortrait UIInterfaceOrientationLandscapeLeft UIInterfaceOrientationLandscapeRight";
				LD_RUNPATH_SEARCH_PATHS = (
					"$(inherited)",
					"@executable_path/Frameworks",
				);
				MARKETING_VERSION = 1.0;
				PRODUCT_BUNDLE_IDENTIFIER = art.MovieDb;
				PRODUCT_NAME = "$(TARGET_NAME)";
				SWIFT_EMIT_LOC_STRINGS = YES;
				SWIFT_VERSION = 5.0;
				TARGETED_DEVICE_FAMILY = "1,2";
			};
			name = Release;
		};
		AA9449452B3F479600BFA521 /* Debug */ = {
			isa = XCBuildConfiguration;
			buildSettings = {
				ALWAYS_EMBED_SWIFT_STANDARD_LIBRARIES = YES;
				BUNDLE_LOADER = "$(TEST_HOST)";
				CODE_SIGN_STYLE = Automatic;
				CURRENT_PROJECT_VERSION = 1;
				GENERATE_INFOPLIST_FILE = YES;
				IPHONEOS_DEPLOYMENT_TARGET = 16.2;
				MARKETING_VERSION = 1.0;
				PRODUCT_BUNDLE_IDENTIFIER = art.MovieDbTests;
				PRODUCT_NAME = "$(TARGET_NAME)";
				SWIFT_EMIT_LOC_STRINGS = NO;
				SWIFT_VERSION = 5.0;
				TARGETED_DEVICE_FAMILY = "1,2";
				TEST_HOST = "$(BUILT_PRODUCTS_DIR)/MovieDb.app/$(BUNDLE_EXECUTABLE_FOLDER_PATH)/MovieDb";
			};
			name = Debug;
		};
		AA9449462B3F479600BFA521 /* Release */ = {
			isa = XCBuildConfiguration;
			buildSettings = {
				ALWAYS_EMBED_SWIFT_STANDARD_LIBRARIES = YES;
				BUNDLE_LOADER = "$(TEST_HOST)";
				CODE_SIGN_STYLE = Automatic;
				CURRENT_PROJECT_VERSION = 1;
				GENERATE_INFOPLIST_FILE = YES;
				IPHONEOS_DEPLOYMENT_TARGET = 16.2;
				MARKETING_VERSION = 1.0;
				PRODUCT_BUNDLE_IDENTIFIER = art.MovieDbTests;
				PRODUCT_NAME = "$(TARGET_NAME)";
				SWIFT_EMIT_LOC_STRINGS = NO;
				SWIFT_VERSION = 5.0;
				TARGETED_DEVICE_FAMILY = "1,2";
				TEST_HOST = "$(BUILT_PRODUCTS_DIR)/MovieDb.app/$(BUNDLE_EXECUTABLE_FOLDER_PATH)/MovieDb";
			};
			name = Release;
		};
		AA9449482B3F479600BFA521 /* Debug */ = {
			isa = XCBuildConfiguration;
			buildSettings = {
				ALWAYS_EMBED_SWIFT_STANDARD_LIBRARIES = YES;
				CODE_SIGN_STYLE = Automatic;
				CURRENT_PROJECT_VERSION = 1;
				GENERATE_INFOPLIST_FILE = YES;
				MARKETING_VERSION = 1.0;
				PRODUCT_BUNDLE_IDENTIFIER = art.MovieDbUITests;
				PRODUCT_NAME = "$(TARGET_NAME)";
				SWIFT_EMIT_LOC_STRINGS = NO;
				SWIFT_VERSION = 5.0;
				TARGETED_DEVICE_FAMILY = "1,2";
				TEST_TARGET_NAME = MovieDb;
			};
			name = Debug;
		};
		AA9449492B3F479600BFA521 /* Release */ = {
			isa = XCBuildConfiguration;
			buildSettings = {
				ALWAYS_EMBED_SWIFT_STANDARD_LIBRARIES = YES;
				CODE_SIGN_STYLE = Automatic;
				CURRENT_PROJECT_VERSION = 1;
				GENERATE_INFOPLIST_FILE = YES;
				MARKETING_VERSION = 1.0;
				PRODUCT_BUNDLE_IDENTIFIER = art.MovieDbUITests;
				PRODUCT_NAME = "$(TARGET_NAME)";
				SWIFT_EMIT_LOC_STRINGS = NO;
				SWIFT_VERSION = 5.0;
				TARGETED_DEVICE_FAMILY = "1,2";
				TEST_TARGET_NAME = MovieDb;
			};
			name = Release;
		};
/* End XCBuildConfiguration section */

/* Begin XCConfigurationList section */
		AA9449122B3F479400BFA521 /* Build configuration list for PBXProject "MovieDb" */ = {
			isa = XCConfigurationList;
			buildConfigurations = (
				AA94493F2B3F479600BFA521 /* Debug */,
				AA9449402B3F479600BFA521 /* Release */,
			);
			defaultConfigurationIsVisible = 0;
			defaultConfigurationName = Release;
		};
		AA9449412B3F479600BFA521 /* Build configuration list for PBXNativeTarget "MovieDb" */ = {
			isa = XCConfigurationList;
			buildConfigurations = (
				AA9449422B3F479600BFA521 /* Debug */,
				AA9449432B3F479600BFA521 /* Release */,
			);
			defaultConfigurationIsVisible = 0;
			defaultConfigurationName = Release;
		};
		AA9449442B3F479600BFA521 /* Build configuration list for PBXNativeTarget "MovieDbTests" */ = {
			isa = XCConfigurationList;
			buildConfigurations = (
				AA9449452B3F479600BFA521 /* Debug */,
				AA9449462B3F479600BFA521 /* Release */,
			);
			defaultConfigurationIsVisible = 0;
			defaultConfigurationName = Release;
		};
		AA9449472B3F479600BFA521 /* Build configuration list for PBXNativeTarget "MovieDbUITests" */ = {
			isa = XCConfigurationList;
			buildConfigurations = (
				AA9449482B3F479600BFA521 /* Debug */,
				AA9449492B3F479600BFA521 /* Release */,
			);
			defaultConfigurationIsVisible = 0;
			defaultConfigurationName = Release;
		};
/* End XCConfigurationList section */
	};
	rootObject = AA94490F2B3F479400BFA521 /* Project object */;
}
